[root]
name = "repl"
version = "0.0.1"
dependencies = [
 "readline 0.0.1",
 "rlisp 0.0.1",
]

[[package]]
name = "bitflags"
version = "0.1.0"
source = "registry+https://github.com/rust-lang/crates.io-index"

[[package]]
name = "gcc"
version = "0.1.7"
source = "registry+https://github.com/rust-lang/crates.io-index"

[[package]]
name = "mpc"
version = "0.0.1"
dependencies = [
 "bitflags 0.1.0 (registry+https://github.com/rust-lang/crates.io-index)",
 "gcc 0.1.7 (registry+https://github.com/rust-lang/crates.io-index)",
]

[[package]]
name = "phf"
version = "0.6.3"
source = "registry+https://github.com/rust-lang/crates.io-index"
dependencies = [
 "phf_shared 0.6.3 (registry+https://github.com/rust-lang/crates.io-index)",
]

[[package]]
name = "phf_mac"
version = "0.5.0"
source = "registry+https://github.com/rust-lang/crates.io-index"
dependencies = [
 "phf_shared 0.5.0 (registry+https://github.com/rust-lang/crates.io-index)",
]

[[package]]
name = "phf_shared"
version = "0.5.0"
source = "registry+https://github.com/rust-lang/crates.io-index"

[[package]]
name = "phf_shared"
version = "0.6.3"
source = "registry+https://github.com/rust-lang/crates.io-index"

[[package]]
name = "readline"
version = "0.0.1"

[[package]]
name = "rlisp"
version = "0.0.1"
dependencies = [
 "mpc 0.0.1",
 "phf 0.6.3 (registry+https://github.com/rust-lang/crates.io-index)",
 "phf_mac 0.5.0 (registry+https://github.com/rust-lang/crates.io-index)",
]

