[root]
name = "repl"
version = "0.0.1"
dependencies = [
 "readline 0.0.1",
 "rlisp 0.0.1",
]

[[package]]
name = "gcc"
version = "0.1.4"
source = "git+https://github.com/alexcrichton/gcc-rs#f5c52d956e0742a66e40c8301e634e136c3ae287"

[[package]]
name = "mpc"
version = "0.0.1"
dependencies = [
 "gcc 0.1.4 (git+https://github.com/alexcrichton/gcc-rs)",
]

[[package]]
name = "phf"
version = "0.5.0"
source = "git+https://github.com/sfackler/rust-phf.git#8683be260effe5605243ef230bad6154ef4e5e20"
dependencies = [
 "phf_shared 0.5.0 (git+https://github.com/sfackler/rust-phf.git)",
]

[[package]]
name = "phf_mac"
version = "0.5.0"
source = "git+https://github.com/sfackler/rust-phf.git#8683be260effe5605243ef230bad6154ef4e5e20"
dependencies = [
 "phf_shared 0.5.0 (git+https://github.com/sfackler/rust-phf.git)",
]

[[package]]
name = "phf_shared"
version = "0.5.0"
source = "git+https://github.com/sfackler/rust-phf.git#8683be260effe5605243ef230bad6154ef4e5e20"

[[package]]
name = "readline"
version = "0.0.1"

[[package]]
name = "rlisp"
version = "0.0.1"
dependencies = [
 "mpc 0.0.1",
 "phf 0.5.0 (git+https://github.com/sfackler/rust-phf.git)",
 "phf_mac 0.5.0 (git+https://github.com/sfackler/rust-phf.git)",
]

